{
    "_meta": {
        "hash": {
            "sha256": "b3676e8ea2035434fd0926e7b5822bdd3b129791df5f82b262abef9eab0555f0"
        },
        "pipfile-spec": 6,
        "requires": {
            "python_version": "3.5"
        },
        "sources": [
            {
                "name": "pypi",
                "url": "https://pypi.org/simple",
                "verify_ssl": true
            }
        ]
    },
    "default": {
        "numpy": {
            "hashes": [
                "sha256:0df89ca13c25eaa1621a3f09af4c8ba20da849692dcae184cb55e80952c453fb",
                "sha256:154c35f195fd3e1fad2569930ca51907057ae35e03938f89a8aedae91dd1b7c7",
                "sha256:18e84323cdb8de3325e741a7a8dd4a82db74fde363dce32b625324c7b32aa6d7",
                "sha256:1e8956c37fc138d65ded2d96ab3949bd49038cc6e8a4494b1515b0ba88c91565",
                "sha256:23557bdbca3ccbde3abaa12a6e82299bc92d2b9139011f8c16ca1bb8c75d1e95",
                "sha256:24fd645a5e5d224aa6e39d93e4a722fafa9160154f296fd5ef9580191c755053",
                "sha256:36e36b6868e4440760d4b9b44587ea1dc1f06532858d10abba98e851e154ca70",
                "sha256:3d734559db35aa3697dadcea492a423118c5c55d176da2f3be9c98d4803fc2a7",
                "sha256:416a2070acf3a2b5d586f9a6507bb97e33574df5bd7508ea970bbf4fc563fa52",
                "sha256:4a22dc3f5221a644dfe4a63bf990052cc674ef12a157b1056969079985c92816",
                "sha256:4d8d3e5aa6087490912c14a3c10fbdd380b40b421c13920ff468163bc50e016f",
                "sha256:4f41fd159fba1245e1958a99d349df49c616b133636e0cf668f169bce2aeac2d",
                "sha256:561ef098c50f91fbac2cc9305b68c915e9eb915a74d9038ecf8af274d748f76f",
                "sha256:56994e14b386b5c0a9b875a76d22d707b315fa037affc7819cda08b6d0489756",
                "sha256:73a1f2a529604c50c262179fcca59c87a05ff4614fe8a15c186934d84d09d9a5",
                "sha256:7da99445fd890206bfcc7419f79871ba8e73d9d9e6b82fe09980bc5bb4efc35f",
                "sha256:99d59e0bcadac4aa3280616591fb7bcd560e2218f5e31d5223a2e12a1425d495",
                "sha256:a4cc09489843c70b22e8373ca3dfa52b3fab778b57cf81462f1203b0852e95e3",
                "sha256:a61dc29cfca9831a03442a21d4b5fd77e3067beca4b5f81f1a89a04a71cf93fa",
                "sha256:b1853df739b32fa913cc59ad9137caa9cc3d97ff871e2bbd89c2a2a1d4a69451",
                "sha256:b1f44c335532c0581b77491b7715a871d0dd72e97487ac0f57337ccf3ab3469b",
                "sha256:b261e0cb0d6faa8fd6863af26d30351fd2ffdb15b82e51e81e96b9e9e2e7ba16",
                "sha256:c857ae5dba375ea26a6228f98c195fec0898a0fd91bcf0e8a0cae6d9faf3eca7",
                "sha256:cf5bb4a7d53a71bb6a0144d31df784a973b36d8687d615ef6a7e9b1809917a9b",
                "sha256:db9814ff0457b46f2e1d494c1efa4111ca089e08c8b983635ebffb9c1573361f",
                "sha256:df04f4bad8a359daa2ff74f8108ea051670cafbca533bb2636c58b16e962989e",
                "sha256:ecf81720934a0e18526177e645cbd6a8a21bb0ddc887ff9738de07a1df5c6b61",
                "sha256:edfa6fba9157e0e3be0f40168eb142511012683ac3dc82420bee4a3f3981b30e"
            ],
            "index": "pypi",
            "version": "==1.15.4"
        },
        "pymongo": {
            "hashes": [
                "sha256:08dea6dbff33363419af7af3bf2e9a373ff71eb22833dd7063f9b953f09a0bdf",
                "sha256:0949110db76eb1b54cecfc0c0f8468a8b9a7fd42ba23fd0d4a37d97e0b4ca203",
                "sha256:0c31a39f440801cc8603547ccaacf4cb1f02b81af6ba656621c13677b27f4426",
                "sha256:1e10b3fda5677d360440ebd12a1185944dc81d9ea9acf0c6b0681013b3fb9bc2",
                "sha256:1f59440b993666a417ba1954cfb1b7fb11cb4dea1a1d2777897009f688d000ee",
                "sha256:2b5a3806d9f656c14e9d9b693a344fc5684fdd045155594be0c505c6e9410a94",
                "sha256:4a14e2d7c2c0e07b5affcfbfc5c395d767f94bb1a822934a41a3b5371cde1458",
                "sha256:4cb50541225208b37786fdb0de632e475c4f00ec4792579df551ef48d6999d69",
                "sha256:52999666ad01de885653e1f74a86c2a6520d1004afec475180bebf3d7393a8fc",
                "sha256:562c353079e8ce7e2ad611fd7436a72f5df97be72bca59ae9ebf789a724afd5c",
                "sha256:5ce2a71f473f4703daa8d6c61a00b35ce625a7f5015b4371e3af728dafca296a",
                "sha256:6613e633676168a4500e5e6bb6e3e64d3fdb96d2dc472eb4b99235fb4141adb1",
                "sha256:8330406f294df118399c721f80979f2516447bcc73e4262826687872c864751e",
                "sha256:8e939dfa7d16609b99eb4d1fd2fc74f7a90f4fd0aaf31d611822daaff456236f",
                "sha256:8fa4303e1f50d9f0c8f2f7833b5a370a94d19d41449def62b34ae072126b4dfd",
                "sha256:966d987975aa3b4cfcdf1495930ff6ecb152fafe8e544e40633e41b24ca3e1c5",
                "sha256:aec4ea43a1b8e9782246a259410f66692f2d3aa0f03c54477e506193b0781cb6",
                "sha256:b73f889f032fbef05863f5056b46468a8262ae83628898e20b10bbbb79a3617e",
                "sha256:b752088a2f819f163d11dfdbbe627b27eef9d8478c7e57d42c5e7c600fee434e",
                "sha256:c8669f96277f140797e0ff99f80bd706271674942672a38ed694e2bfa66f3900",
                "sha256:ccf00549efaf6f8d5b35b654beb9aed2b788a5b33b05606eb818ddaa4e924ea3",
                "sha256:ce7c91463ad21ac72fc795188292b01c8366cf625e2d1e5ed473ce127b844f60",
                "sha256:d776d8d47884e6ad39ff8a301f1ae6b7d2186f209218cf024f43334dbba79c64",
                "sha256:dab0f63841aebb2b421fadb31f3c7eef27898f21274a8e5b45c4f2bccb40f9ed",
                "sha256:daedcfbf3b24b2b687e35b33252a9315425c2dd06a085a36906d516135bdd60e",
                "sha256:e7ad1ec621db2c5ad47924f63561f75abfd4fff669c62c8cc99c169c90432f59",
                "sha256:f14fb6c4058772a0d74d82874d3b89d7264d89b4ed7fa0413ea0ef8112b268b9",
                "sha256:f16c7b6b98bc400d180f05e65e2236ef4ee9d71f3815280558582670e1e67536",
                "sha256:f2d9eb92b26600ae6e8092f66da4bcede1b61a647c9080d6b44c148aff3a8ea4",
                "sha256:ffe94f9d17800610dda5282d7f6facfc216d79a93dd728a03d2f21cff3af7cc6"
            ],
            "index": "pypi",
            "version": "==3.7.1"
        },
        "scikit-learn": {
            "hashes": [
                "sha256:1ccbc5d9bdd933f3f75a3e8f0a60eac764388be84cee9e66bfd51d16992996f0",
                "sha256:3281dd405f15f8647e617062003b229b29dd74e966bfd1c033be720897402c54",
                "sha256:40c8f8f2e72dabb183820c7d77caa7b826d87d919056a02507c941f0e583c83e",
                "sha256:48cef3af610f83460a4419de6c77757fc3b687da4ad39aedcbe3a92c6714b0ae",
                "sha256:5d801633c69e67f215c1b796a7040ba33e2c6b3bab3d335c2caeca8a24679081",
                "sha256:635978ca918da035a60e20d390273803417a1fc691290e93d9d5852a016a2bc3",
                "sha256:68df1b389647f300f6f93535b0eb94efacbf5e670982c1936885e7981409dd3f",
                "sha256:6aa8b434de69c2507ee2bb874642f7bbfedb0a96c234a9129b8957e109d3bd47",
                "sha256:7c4569c7ca504db5cd1f4d8dfca6500bbf6f1d0e25618831f25d9f9ab8b4e33d",
                "sha256:82743bf812380ed767a9c3c263a8f0d76e7af93abd2404ee199bf46e57e56f4f",
                "sha256:8d15d61d2b6324d99f135cb8ef95d1475367a4ebb3b9a1fc0f5b53a16c21974a",
                "sha256:95f892fa68105f6bcce0f206262d3810924f3865abd93927eb41949adb50e538",
                "sha256:9ebea27859a26c97ef33b6d07dc36190890a1ca4988eac317544a61001b90e92",
                "sha256:9ee7e147fcb7355ea646916f13eacb71f89c90ccbf9b067078f14c4675cc0003",
                "sha256:aae03d8e640e2cd58471add3759f2002c1d726548f53a70840a7b6f330210bc2",
                "sha256:b8891cd8489aa622f2789a4a48b8e99e068bfef00653ae907a8fc89ee6c54682",
                "sha256:c1fd93ba6b684c3624a7f9b8e5afc6c78bc381fd2607504860c0367a7055994d",
                "sha256:c2a1ce4e405ab61857c4dba89aa997522a9098e4cbc383fa95805ae6be8c772e",
                "sha256:c8482ff66457a1b148973240c0eaa0456b62b8b8e5e26615f7f00ba08cc5c132",
                "sha256:cb439dc1d8ee60f441594db1a12543c4e91260cd548b7ad9bc58bff3916f8dde",
                "sha256:cc723aa0de67f0398821e3961ce0dcad32f276564c6fff2fc6061cc885a89c9e",
                "sha256:cfb3ffdc7098b7328b120bc5819d81045c59e0392e7221441b0ac50ed7853a73",
                "sha256:e045a5445e772cafe4fee5b3954947af7984a3057dcac0407ec55e8bab91bbee",
                "sha256:e45a49f3bd713540b5607b77e8fc7057a289a795c5fe182333b286a4d3e0338b",
                "sha256:e8010c4fe8f1d3625c27a89625b35906869651094b5ef5a0b22cd8514501d7d8",
                "sha256:f231c2d0e397309ef18b62a8adfe914de38e335c6f8fc06a3655d5ae8b524d69",
                "sha256:fa1869c18fef812e321b9ed875519daefb3a7ea016ba1392526d231a7994e81c",
                "sha256:fc4d3cff012c1aa2459e5745cdd3df31a30e2ff27dcbfadf1999e16dd8497a6e"
            ],
            "index": "pypi",
            "version": "==0.20.1"
        },
        "scipy": {
            "hashes": [
                "sha256:0611ee97296265af4a21164a5323f8c1b4e8e15c582d3dfa7610825900136bb7",
                "sha256:08237eda23fd8e4e54838258b124f1cd141379a5f281b0a234ca99b38918c07a",
                "sha256:0e645dbfc03f279e1946cf07c9c754c2a1859cb4a41c5f70b25f6b3a586b6dbd",
                "sha256:0e9bb7efe5f051ea7212555b290e784b82f21ffd0f655405ac4f87e288b730b3",
                "sha256:108c16640849e5827e7d51023efb3bd79244098c3f21e4897a1007720cb7ce37",
                "sha256:340ef70f5b0f4e2b4b43c8c8061165911bc6b2ad16f8de85d9774545e2c47463",
                "sha256:3ad73dfc6f82e494195144bd3a129c7241e761179b7cb5c07b9a0ede99c686f3",
                "sha256:3b243c77a822cd034dad53058d7c2abf80062aa6f4a32e9799c95d6391558631",
                "sha256:404a00314e85eca9d46b80929571b938e97a143b4f2ddc2b2b3c91a4c4ead9c5",
                "sha256:423b3ff76957d29d1cce1bc0d62ebaf9a3fdfaf62344e3fdec14619bb7b5ad3a",
                "sha256:42d9149a2fff7affdd352d157fa5717033767857c11bd55aa4a519a44343dfef",
                "sha256:625f25a6b7d795e8830cb70439453c9f163e6870e710ec99eba5722775b318f3",
                "sha256:698c6409da58686f2df3d6f815491fd5b4c2de6817a45379517c92366eea208f",
                "sha256:729f8f8363d32cebcb946de278324ab43d28096f36593be6281ca1ee86ce6559",
                "sha256:8190770146a4c8ed5d330d5b5ad1c76251c63349d25c96b3094875b930c44692",
                "sha256:878352408424dffaa695ffedf2f9f92844e116686923ed9aa8626fc30d32cfd1",
                "sha256:8b984f0821577d889f3c7ca8445564175fb4ac7c7f9659b7c60bef95b2b70e76",
                "sha256:8f841bbc21d3dad2111a94c490fb0a591b8612ffea86b8e5571746ae76a3deac",
                "sha256:c22b27371b3866c92796e5d7907e914f0e58a36d3222c5d436ddd3f0e354227a",
                "sha256:d0cdd5658b49a722783b8b4f61a6f1f9c75042d0e29a30ccb6cacc9b25f6d9e2",
                "sha256:d40dc7f494b06dcee0d303e51a00451b2da6119acbeaccf8369f2d29e28917ac",
                "sha256:d8491d4784aceb1f100ddb8e31239c54e4afab8d607928a9f7ef2469ec35ae01",
                "sha256:dfc5080c38dde3f43d8fbb9c0539a7839683475226cf83e4b24363b227dfe552",
                "sha256:e24e22c8d98d3c704bb3410bce9b69e122a8de487ad3dbfe9985d154e5c03a40",
                "sha256:e7a01e53163818d56eabddcafdc2090e9daba178aad05516b20c6591c4811020",
                "sha256:ee677635393414930541a096fc8e61634304bb0153e4e02b75685b11eba14cae",
                "sha256:f0521af1b722265d824d6ad055acfe9bd3341765735c44b5a4d0069e189a0f40",
                "sha256:f25c281f12c0da726c6ed00535ca5d1622ec755c30a3f8eafef26cf43fede694"
            ],
            "version": "==1.1.0"
        }
    },
    "develop": {}
}
